
Microsoft Visual Studio Solution File, Format Version 12.00
# Visual Studio 14
VisualStudioVersion = 14.0.25420.1
MinimumVisualStudioVersion = 10.0.40219.1
Project("{FAE04EC0-301F-11D3-BF4B-00C04F79EFBC}") = "AlloyAngularJS", "AlloyAngularJS\AlloyAngularJS.csproj", "{673C4CCF-A8BE-457F-9023-0EDE7A198D19}"
EndProject
Project("{2150E333-8FDC-42A3-9474-1A3956D46DE8}") = "Solution Items", "Solution Items", "{53319FC5-8CA3-4850-BD64-6F9896385C09}"
	ProjectSection(SolutionItems) = preProject
		.editorconfig = .editorconfig
		.eslintrc = .eslintrc
		.gitattributes = .gitattributes
		.gitignore = .gitignore
		LICENSE = LICENSE
		README.md = README.md
	EndProjectSection
EndProject
Global
	GlobalSection(SolutionConfigurationPlatforms) = preSolution
		Debug|Any CPU = Debug|Any CPU
		Release|Any CPU = Release|Any CPU
	EndGlobalSection
	GlobalSection(ProjectConfigurationPlatforms) = postSolution
		{673C4CCF-A8BE-457F-9023-0EDE7A198D19}.Debug|Any CPU.ActiveCfg = Debug|Any CPU
		{673C4CCF-A8BE-457F-9023-0EDE7A198D19}.Debug|Any CPU.Build.0 = Debug|Any CPU
		{673C4CCF-A8BE-457F-9023-0EDE7A198D19}.Release|Any CPU.ActiveCfg = Release|Any CPU
		{673C4CCF-A8BE-457F-9023-0EDE7A198D19}.Release|Any CPU.Build.0 = Release|Any CPU
	EndGlobalSection
	GlobalSection(SolutionProperties) = preSolution
		HideSolutionNode = FALSE
	EndGlobalSection
EndGlobal
